
Microsoft Visual Studio Solution File, Format Version 12.00
# Visual Studio Version 17
VisualStudioVersion = 17.7.34024.191
MinimumVisualStudioVersion = 10.0.40219.1
Project("{FAE04EC0-301F-11D3-BF4B-00C04F79EFBC}") = "FMDB", "FMDB\FMDB.csproj", "{A71B98D0-4C02-47FC-A4DF-CFC97D15D4E8}"
EndProject
Project("{FAE04EC0-301F-11D3-BF4B-00C04F79EFBC}") = "Data", "Data\Data.csproj", "{6396249F-EDC5-4FC8-9E42-0245E30E9407}"
EndProject
Global
	GlobalSection(SolutionConfigurationPlatforms) = preSolution
		Debug|Any CPU = Debug|Any CPU
		Release|Any CPU = Release|Any CPU
	EndGlobalSection
	GlobalSection(ProjectConfigurationPlatforms) = postSolution
		{A71B98D0-4C02-47FC-A4DF-CFC97D15D4E8}.Debug|Any CPU.ActiveCfg = Debug|Any CPU
		{A71B98D0-4C02-47FC-A4DF-CFC97D15D4E8}.Debug|Any CPU.Build.0 = Debug|Any CPU
		{A71B98D0-4C02-47FC-A4DF-CFC97D15D4E8}.Release|Any CPU.ActiveCfg = Release|Any CPU
		{A71B98D0-4C02-47FC-A4DF-CFC97D15D4E8}.Release|Any CPU.Build.0 = Release|Any CPU
		{6396249F-EDC5-4FC8-9E42-0245E30E9407}.Debug|Any CPU.ActiveCfg = Debug|Any CPU
		{6396249F-EDC5-4FC8-9E42-0245E30E9407}.Debug|Any CPU.Build.0 = Debug|Any CPU
		{6396249F-EDC5-4FC8-9E42-0245E30E9407}.Release|Any CPU.ActiveCfg = Release|Any CPU
		{6396249F-EDC5-4FC8-9E42-0245E30E9407}.Release|Any CPU.Build.0 = Release|Any CPU
	EndGlobalSection
	GlobalSection(SolutionProperties) = preSolution
		HideSolutionNode = FALSE
	EndGlobalSection
	GlobalSection(ExtensibilityGlobals) = postSolution
		SolutionGuid = {D0E7EBC2-9BA8-4B25-BE1F-312F06159568}
	EndGlobalSection
EndGlobal
